
Microsoft Visual Studio Solution File, Format Version 12.00
# Visual Studio 15
VisualStudioVersion = 15.0.28307.168
MinimumVisualStudioVersion = 10.0.40219.1
Project("{FAE04EC0-301F-11D3-BF4B-00C04F79EFBC}") = "DAS", "DAS\DAS.csproj", "{A9BCBACA-1F89-4388-9DB9-92F0CE60E2A0}"
	ProjectSection(ProjectDependencies) = postProject
		{A93BD67B-1902-4004-8DE6-86200AA974BE} = {A93BD67B-1902-4004-8DE6-86200AA974BE}
		{B8A66D95-5F0E-4CE0-AB10-6065E96D4D6B} = {B8A66D95-5F0E-4CE0-AB10-6065E96D4D6B}
		{BABCABA8-69EF-4DA0-B121-8E98C5E49F0F} = {BABCABA8-69EF-4DA0-B121-8E98C5E49F0F}
		{02818BDE-6DD8-450F-BABA-90E5C5E98187} = {02818BDE-6DD8-450F-BABA-90E5C5E98187}
	EndProjectSection
EndProject
Project("{FAE04EC0-301F-11D3-BF4B-00C04F79EFBC}") = "DAS.DAL", "DAS.DAL\DAS.DAL.csproj", "{A93BD67B-1902-4004-8DE6-86200AA974BE}"
	ProjectSection(ProjectDependencies) = postProject
		{B8A66D95-5F0E-4CE0-AB10-6065E96D4D6B} = {B8A66D95-5F0E-4CE0-AB10-6065E96D4D6B}
		{BABCABA8-69EF-4DA0-B121-8E98C5E49F0F} = {BABCABA8-69EF-4DA0-B121-8E98C5E49F0F}
		{02818BDE-6DD8-450F-BABA-90E5C5E98187} = {02818BDE-6DD8-450F-BABA-90E5C5E98187}
	EndProjectSection
EndProject
Project("{FAE04EC0-301F-11D3-BF4B-00C04F79EFBC}") = "DAS.DBModels", "DAS.DBModels\DAS.DBModels.csproj", "{B8A66D95-5F0E-4CE0-AB10-6065E96D4D6B}"
EndProject
Project("{FAE04EC0-301F-11D3-BF4B-00C04F79EFBC}") = "DAS.EntityModels", "DAS.EntityModels\DAS.EntityModels.csproj", "{BABCABA8-69EF-4DA0-B121-8E98C5E49F0F}"
EndProject
Project("{FAE04EC0-301F-11D3-BF4B-00C04F79EFBC}") = "DAS.Interface", "DAS.Interface\DAS.Interface.csproj", "{02818BDE-6DD8-450F-BABA-90E5C5E98187}"
	ProjectSection(ProjectDependencies) = postProject
		{B8A66D95-5F0E-4CE0-AB10-6065E96D4D6B} = {B8A66D95-5F0E-4CE0-AB10-6065E96D4D6B}
		{BABCABA8-69EF-4DA0-B121-8E98C5E49F0F} = {BABCABA8-69EF-4DA0-B121-8E98C5E49F0F}
	EndProjectSection
EndProject
Global
	GlobalSection(SolutionConfigurationPlatforms) = preSolution
		Debug|Any CPU = Debug|Any CPU
		Release|Any CPU = Release|Any CPU
	EndGlobalSection
	GlobalSection(ProjectConfigurationPlatforms) = postSolution
		{A9BCBACA-1F89-4388-9DB9-92F0CE60E2A0}.Debug|Any CPU.ActiveCfg = Debug|Any CPU
		{A9BCBACA-1F89-4388-9DB9-92F0CE60E2A0}.Debug|Any CPU.Build.0 = Debug|Any CPU
		{A9BCBACA-1F89-4388-9DB9-92F0CE60E2A0}.Release|Any CPU.ActiveCfg = Release|Any CPU
		{A9BCBACA-1F89-4388-9DB9-92F0CE60E2A0}.Release|Any CPU.Build.0 = Release|Any CPU
		{A93BD67B-1902-4004-8DE6-86200AA974BE}.Debug|Any CPU.ActiveCfg = Debug|Any CPU
		{A93BD67B-1902-4004-8DE6-86200AA974BE}.Debug|Any CPU.Build.0 = Debug|Any CPU
		{A93BD67B-1902-4004-8DE6-86200AA974BE}.Release|Any CPU.ActiveCfg = Release|Any CPU
		{A93BD67B-1902-4004-8DE6-86200AA974BE}.Release|Any CPU.Build.0 = Release|Any CPU
		{B8A66D95-5F0E-4CE0-AB10-6065E96D4D6B}.Debug|Any CPU.ActiveCfg = Debug|Any CPU
		{B8A66D95-5F0E-4CE0-AB10-6065E96D4D6B}.Debug|Any CPU.Build.0 = Debug|Any CPU
		{B8A66D95-5F0E-4CE0-AB10-6065E96D4D6B}.Release|Any CPU.ActiveCfg = Release|Any CPU
		{B8A66D95-5F0E-4CE0-AB10-6065E96D4D6B}.Release|Any CPU.Build.0 = Release|Any CPU
		{BABCABA8-69EF-4DA0-B121-8E98C5E49F0F}.Debug|Any CPU.ActiveCfg = Debug|Any CPU
		{BABCABA8-69EF-4DA0-B121-8E98C5E49F0F}.Debug|Any CPU.Build.0 = Debug|Any CPU
		{BABCABA8-69EF-4DA0-B121-8E98C5E49F0F}.Release|Any CPU.ActiveCfg = Release|Any CPU
		{BABCABA8-69EF-4DA0-B121-8E98C5E49F0F}.Release|Any CPU.Build.0 = Release|Any CPU
		{02818BDE-6DD8-450F-BABA-90E5C5E98187}.Debug|Any CPU.ActiveCfg = Debug|Any CPU
		{02818BDE-6DD8-450F-BABA-90E5C5E98187}.Debug|Any CPU.Build.0 = Debug|Any CPU
		{02818BDE-6DD8-450F-BABA-90E5C5E98187}.Release|Any CPU.ActiveCfg = Release|Any CPU
		{02818BDE-6DD8-450F-BABA-90E5C5E98187}.Release|Any CPU.Build.0 = Release|Any CPU
	EndGlobalSection
	GlobalSection(SolutionProperties) = preSolution
		HideSolutionNode = FALSE
	EndGlobalSection
	GlobalSection(ExtensibilityGlobals) = postSolution
		SolutionGuid = {06D19383-9CA6-45C2-832F-C4A1C81DA389}
	EndGlobalSection
EndGlobal
